// !$*UTF8*$!
{
	archiveVersion = 1;
	classes = {
	};
	objectVersion = 50;
	objects = {

/* Begin PBXBuildFile section */
		77A5FE4F21EDF850009862A6 /* SelectBoundsVC.swift in Sources */ = {isa = PBXBuildFile; fileRef = 77A5FE4E21EDF850009862A6 /* SelectBoundsVC.swift */; };
		77A5FE5421EDF8ED009862A6 /* CommentListVC.swift in Sources */ = {isa = PBXBuildFile; fileRef = 77A5FE5321EDF8ED009862A6 /* CommentListVC.swift */; };
		77A5FE5621EDF95F009862A6 /* Enums.swift in Sources */ = {isa = PBXBuildFile; fileRef = 77A5FE5521EDF95F009862A6 /* Enums.swift */; };
		77A5FE5821EDF99B009862A6 /* Comments.storyboard in Resources */ = {isa = PBXBuildFile; fileRef = 77A5FE5721EDF99B009862A6 /* Comments.storyboard */; };
		77A5FE5C21EDFB22009862A6 /* Comment.swift in Sources */ = {isa = PBXBuildFile; fileRef = 77A5FE5B21EDFB22009862A6 /* Comment.swift */; };
		77A5FE6121EDFB9A009862A6 /* UIStoryboard.swift in Sources */ = {isa = PBXBuildFile; fileRef = 77A5FE5921EDF9AA009862A6 /* UIStoryboard.swift */; };
		77A5FE6221EDFB9A009862A6 /* JSONEncoder.swift in Sources */ = {isa = PBXBuildFile; fileRef = 77A5FE5F21EDFB41009862A6 /* JSONEncoder.swift */; };
		77A5FE6321EDFB9A009862A6 /* JSONDecoder.swift in Sources */ = {isa = PBXBuildFile; fileRef = 77A5FE5E21EDFB3D009862A6 /* JSONDecoder.swift */; };
		77A5FE6421EDFB9A009862A6 /* DataRequest+Model.swift in Sources */ = {isa = PBXBuildFile; fileRef = 77A5FE6021EDFB84009862A6 /* DataRequest+Model.swift */; };
		77A5FE6521EDFB9D009862A6 /* CodableExpandedProtocol.swift in Sources */ = {isa = PBXBuildFile; fileRef = 77A5FE5D21EDFB30009862A6 /* CodableExpandedProtocol.swift */; };
		77A5FE6721EDFC9D009862A6 /* Error.swift in Sources */ = {isa = PBXBuildFile; fileRef = 77A5FE6621EDFC9D009862A6 /* Error.swift */; };
		77A5FE6B21EE0F2E009862A6 /* BaseNetworkService.swift in Sources */ = {isa = PBXBuildFile; fileRef = 77A5FE6821EE0E9B009862A6 /* BaseNetworkService.swift */; };
		77A5FE6C21EE0F31009862A6 /* BaseNetworkServiceProtocol.swift in Sources */ = {isa = PBXBuildFile; fileRef = 77A5FE6A21EE0EC2009862A6 /* BaseNetworkServiceProtocol.swift */; };
		77A5FE6E21EE0F42009862A6 /* URLEndpointProtocol.swift in Sources */ = {isa = PBXBuildFile; fileRef = 77A5FE6D21EE0F41009862A6 /* URLEndpointProtocol.swift */; };
		77A5FE7021EE10D1009862A6 /* CommentsNetworkServiceProtocol.swift in Sources */ = {isa = PBXBuildFile; fileRef = 77A5FE6F21EE10D0009862A6 /* CommentsNetworkServiceProtocol.swift */; };
		77A5FE7221EE144D009862A6 /* CommentsNetworkService.swift in Sources */ = {isa = PBXBuildFile; fileRef = 77A5FE7121EE144D009862A6 /* CommentsNetworkService.swift */; };
		77A5FE7421EE14B4009862A6 /* URLCommentEndpoint.swift in Sources */ = {isa = PBXBuildFile; fileRef = 77A5FE7321EE14B4009862A6 /* URLCommentEndpoint.swift */; };
		77A5FE7621EE176F009862A6 /* BaseVC.swift in Sources */ = {isa = PBXBuildFile; fileRef = 77A5FE7521EE1766009862A6 /* BaseVC.swift */; };
		77A5FE7821EE180C009862A6 /* ErrorDisplayable.swift in Sources */ = {isa = PBXBuildFile; fileRef = 77A5FE7721EE1808009862A6 /* ErrorDisplayable.swift */; };
		77A5FE7A21EE1985009862A6 /* UIColor.swift in Sources */ = {isa = PBXBuildFile; fileRef = 77A5FE7921EE1985009862A6 /* UIColor.swift */; };
		77A5FE8121EE293E009862A6 /* PlaceholderTF.swift in Sources */ = {isa = PBXBuildFile; fileRef = 77A5FE7E21EE2933009862A6 /* PlaceholderTF.swift */; };
		77A5FE8221EE2946009862A6 /* PlaceholderTF.xib in Resources */ = {isa = PBXBuildFile; fileRef = 77A5FE7F21EE2933009862A6 /* PlaceholderTF.xib */; };
		77A5FE8421EE39F1009862A6 /* CommentListTVC.swift in Sources */ = {isa = PBXBuildFile; fileRef = 77A5FE8321EE39F1009862A6 /* CommentListTVC.swift */; };
		77A5FE8621EE3A84009862A6 /* StoryboardInstatiatable.swift in Sources */ = {isa = PBXBuildFile; fileRef = 77A5FE8521EE3A84009862A6 /* StoryboardInstatiatable.swift */; };
		77B7359F20C0552100784DD3 /* Assets.xcassets in Resources */ = {isa = PBXBuildFile; fileRef = 77B7358B20C0552000784DD3 /* Assets.xcassets */; };
		77B735A120C0552100784DD3 /* XibView.swift in Sources */ = {isa = PBXBuildFile; fileRef = 77B7358F20C0552000784DD3 /* XibView.swift */; };
		77B735A320C0552100784DD3 /* LaunchScreen.storyboard in Resources */ = {isa = PBXBuildFile; fileRef = 77B7359120C0552100784DD3 /* LaunchScreen.storyboard */; };
		77B735A520C0552100784DD3 /* Main.storyboard in Resources */ = {isa = PBXBuildFile; fileRef = 77B7359320C0552100784DD3 /* Main.storyboard */; };
		77B735A720C0552100784DD3 /* Constants.swift in Sources */ = {isa = PBXBuildFile; fileRef = 77B7359720C0552100784DD3 /* Constants.swift */; };
		77B735AB20C0552100784DD3 /* AppDelegate.swift in Sources */ = {isa = PBXBuildFile; fileRef = 77B7359920C0552100784DD3 /* AppDelegate.swift */; };
		77B735AE20C0557000784DD3 /* Localizable.strings in Resources */ = {isa = PBXBuildFile; fileRef = 77B735AD20C0556F00784DD3 /* Localizable.strings */; };
		77B735B120C055AA00784DD3 /* Localizable.stringsdict in Resources */ = {isa = PBXBuildFile; fileRef = 77B735B020C055AA00784DD3 /* Localizable.stringsdict */; };
		EDE0EFC9671270959E967D7D /* Pods_JSONPlaceholder.framework in Frameworks */ = {isa = PBXBuildFile; fileRef = 6142F1FE43D4D559D1335045 /* Pods_JSONPlaceholder.framework */; };
/* End PBXBuildFile section */

/* Begin PBXFileReference section */
		03386452539D587303DD3A3E /* Pods-JSONPlaceholderTests.debug.xcconfig */ = {isa = PBXFileReference; includeInIndex = 1; lastKnownFileType = text.xcconfig; name = "Pods-JSONPlaceholderTests.debug.xcconfig"; path = "Pods/Target Support Files/Pods-JSONPlaceholderTests/Pods-JSONPlaceholderTests.debug.xcconfig"; sourceTree = "<group>"; };
		117C37C8757D08D563A57E13 /* Pods-JSONPlaceholder.debug.xcconfig */ = {isa = PBXFileReference; includeInIndex = 1; lastKnownFileType = text.xcconfig; name = "Pods-JSONPlaceholder.debug.xcconfig"; path = "Pods/Target Support Files/Pods-JSONPlaceholder/Pods-JSONPlaceholder.debug.xcconfig"; sourceTree = "<group>"; };
		181B550E69D5A7399ADECB35 /* Pods-JSONPlaceholder.release-dev.xcconfig */ = {isa = PBXFileReference; includeInIndex = 1; lastKnownFileType = text.xcconfig; name = "Pods-JSONPlaceholder.release-dev.xcconfig"; path = "Pods/Target Support Files/Pods-JSONPlaceholder/Pods-JSONPlaceholder.release-dev.xcconfig"; sourceTree = "<group>"; };
		1971247D32E4F41957F84374 /* Pods-JSONPlaceholderTests.release-dev.xcconfig */ = {isa = PBXFileReference; includeInIndex = 1; lastKnownFileType = text.xcconfig; name = "Pods-JSONPlaceholderTests.release-dev.xcconfig"; path = "Pods/Target Support Files/Pods-JSONPlaceholderTests/Pods-JSONPlaceholderTests.release-dev.xcconfig"; sourceTree = "<group>"; };
		28886ED262D003C6B2325786 /* Pods-JSONPlaceholder.release-production.xcconfig */ = {isa = PBXFileReference; includeInIndex = 1; lastKnownFileType = text.xcconfig; name = "Pods-JSONPlaceholder.release-production.xcconfig"; path = "Pods/Target Support Files/Pods-JSONPlaceholder/Pods-JSONPlaceholder.release-production.xcconfig"; sourceTree = "<group>"; };
		45CADAA654330A2CC7F9542F /* Pods-JSONPlaceholderTests.release.xcconfig */ = {isa = PBXFileReference; includeInIndex = 1; lastKnownFileType = text.xcconfig; name = "Pods-JSONPlaceholderTests.release.xcconfig"; path = "Pods/Target Support Files/Pods-JSONPlaceholderTests/Pods-JSONPlaceholderTests.release.xcconfig"; sourceTree = "<group>"; };
		6142F1FE43D4D559D1335045 /* Pods_JSONPlaceholder.framework */ = {isa = PBXFileReference; explicitFileType = wrapper.framework; includeInIndex = 0; path = Pods_JSONPlaceholder.framework; sourceTree = BUILT_PRODUCTS_DIR; };
		77A5FE4E21EDF850009862A6 /* SelectBoundsVC.swift */ = {isa = PBXFileReference; lastKnownFileType = sourcecode.swift; path = SelectBoundsVC.swift; sourceTree = "<group>"; };
		77A5FE5321EDF8ED009862A6 /* CommentListVC.swift */ = {isa = PBXFileReference; lastKnownFileType = sourcecode.swift; path = CommentListVC.swift; sourceTree = "<group>"; };
		77A5FE5521EDF95F009862A6 /* Enums.swift */ = {isa = PBXFileReference; lastKnownFileType = sourcecode.swift; name = Enums.swift; path = "../../../2b-local/2BLocal/Utils/Enums.swift"; sourceTree = "<group>"; };
		77A5FE5721EDF99B009862A6 /* Comments.storyboard */ = {isa = PBXFileReference; lastKnownFileType = file.storyboard; path = Comments.storyboard; sourceTree = "<group>"; };
		77A5FE5921EDF9AA009862A6 /* UIStoryboard.swift */ = {isa = PBXFileReference; lastKnownFileType = sourcecode.swift; path = UIStoryboard.swift; sourceTree = "<group>"; };
		77A5FE5B21EDFB22009862A6 /* Comment.swift */ = {isa = PBXFileReference; lastKnownFileType = sourcecode.swift; path = Comment.swift; sourceTree = "<group>"; };
		77A5FE5D21EDFB30009862A6 /* CodableExpandedProtocol.swift */ = {isa = PBXFileReference; lastKnownFileType = sourcecode.swift; path = CodableExpandedProtocol.swift; sourceTree = "<group>"; };
		77A5FE5E21EDFB3D009862A6 /* JSONDecoder.swift */ = {isa = PBXFileReference; lastKnownFileType = sourcecode.swift; path = JSONDecoder.swift; sourceTree = "<group>"; };
		77A5FE5F21EDFB41009862A6 /* JSONEncoder.swift */ = {isa = PBXFileReference; lastKnownFileType = sourcecode.swift; path = JSONEncoder.swift; sourceTree = "<group>"; };
		77A5FE6021EDFB84009862A6 /* DataRequest+Model.swift */ = {isa = PBXFileReference; lastKnownFileType = sourcecode.swift; path = "DataRequest+Model.swift"; sourceTree = "<group>"; };
		77A5FE6621EDFC9D009862A6 /* Error.swift */ = {isa = PBXFileReference; lastKnownFileType = sourcecode.swift; path = Error.swift; sourceTree = "<group>"; };
		77A5FE6821EE0E9B009862A6 /* BaseNetworkService.swift */ = {isa = PBXFileReference; lastKnownFileType = sourcecode.swift; path = BaseNetworkService.swift; sourceTree = "<group>"; };
		77A5FE6A21EE0EC2009862A6 /* BaseNetworkServiceProtocol.swift */ = {isa = PBXFileReference; lastKnownFileType = sourcecode.swift; path = BaseNetworkServiceProtocol.swift; sourceTree = "<group>"; };
		77A5FE6D21EE0F41009862A6 /* URLEndpointProtocol.swift */ = {isa = PBXFileReference; lastKnownFileType = sourcecode.swift; path = URLEndpointProtocol.swift; sourceTree = "<group>"; };
		77A5FE6F21EE10D0009862A6 /* CommentsNetworkServiceProtocol.swift */ = {isa = PBXFileReference; lastKnownFileType = sourcecode.swift; path = CommentsNetworkServiceProtocol.swift; sourceTree = "<group>"; };
		77A5FE7121EE144D009862A6 /* CommentsNetworkService.swift */ = {isa = PBXFileReference; lastKnownFileType = sourcecode.swift; path = CommentsNetworkService.swift; sourceTree = "<group>"; };
		77A5FE7321EE14B4009862A6 /* URLCommentEndpoint.swift */ = {isa = PBXFileReference; lastKnownFileType = sourcecode.swift; path = URLCommentEndpoint.swift; sourceTree = "<group>"; };
		77A5FE7521EE1766009862A6 /* BaseVC.swift */ = {isa = PBXFileReference; lastKnownFileType = sourcecode.swift; path = BaseVC.swift; sourceTree = "<group>"; };
		77A5FE7721EE1808009862A6 /* ErrorDisplayable.swift */ = {isa = PBXFileReference; lastKnownFileType = sourcecode.swift; path = ErrorDisplayable.swift; sourceTree = "<group>"; };
		77A5FE7921EE1985009862A6 /* UIColor.swift */ = {isa = PBXFileReference; lastKnownFileType = sourcecode.swift; path = UIColor.swift; sourceTree = "<group>"; };
		77A5FE7E21EE2933009862A6 /* PlaceholderTF.swift */ = {isa = PBXFileReference; lastKnownFileType = sourcecode.swift; path = PlaceholderTF.swift; sourceTree = "<group>"; };
		77A5FE7F21EE2933009862A6 /* PlaceholderTF.xib */ = {isa = PBXFileReference; lastKnownFileType = file.xib; path = PlaceholderTF.xib; sourceTree = "<group>"; };
		77A5FE8321EE39F1009862A6 /* CommentListTVC.swift */ = {isa = PBXFileReference; lastKnownFileType = sourcecode.swift; path = CommentListTVC.swift; sourceTree = "<group>"; };
		77A5FE8521EE3A84009862A6 /* StoryboardInstatiatable.swift */ = {isa = PBXFileReference; lastKnownFileType = sourcecode.swift; path = StoryboardInstatiatable.swift; sourceTree = "<group>"; };
		77B7358820C0552000784DD3 /* Info.plist */ = {isa = PBXFileReference; fileEncoding = 4; lastKnownFileType = text.plist.xml; path = Info.plist; sourceTree = "<group>"; };
		77B7358B20C0552000784DD3 /* Assets.xcassets */ = {isa = PBXFileReference; lastKnownFileType = folder.assetcatalog; path = Assets.xcassets; sourceTree = "<group>"; };
		77B7358F20C0552000784DD3 /* XibView.swift */ = {isa = PBXFileReference; fileEncoding = 4; lastKnownFileType = sourcecode.swift; path = XibView.swift; sourceTree = "<group>"; };
		77B7359220C0552100784DD3 /* Base */ = {isa = PBXFileReference; lastKnownFileType = file.storyboard; name = Base; path = Base.lproj/LaunchScreen.storyboard; sourceTree = "<group>"; };
		77B7359420C0552100784DD3 /* Base */ = {isa = PBXFileReference; lastKnownFileType = file.storyboard; name = Base; path = Base.lproj/Main.storyboard; sourceTree = "<group>"; };
		77B7359720C0552100784DD3 /* Constants.swift */ = {isa = PBXFileReference; fileEncoding = 4; lastKnownFileType = sourcecode.swift; path = Constants.swift; sourceTree = "<group>"; };
		77B7359920C0552100784DD3 /* AppDelegate.swift */ = {isa = PBXFileReference; fileEncoding = 4; lastKnownFileType = sourcecode.swift; path = AppDelegate.swift; sourceTree = "<group>"; };
		77B735AD20C0556F00784DD3 /* Localizable.strings */ = {isa = PBXFileReference; fileEncoding = 4; lastKnownFileType = text.plist.strings; path = Localizable.strings; sourceTree = "<group>"; };
		77B735B020C055AA00784DD3 /* Localizable.stringsdict */ = {isa = PBXFileReference; fileEncoding = 4; lastKnownFileType = text.plist.stringsdict; path = Localizable.stringsdict; sourceTree = "<group>"; };
		77C506B521CB9DF5001FDDF8 /* JSONPlaceholder.entitlements */ = {isa = PBXFileReference; lastKnownFileType = text.plist.entitlements; path = JSONPlaceholder.entitlements; sourceTree = "<group>"; };
		9CA8D781CCBB12452309D912 /* Pods-JSONPlaceholderUITests.debug.xcconfig */ = {isa = PBXFileReference; includeInIndex = 1; lastKnownFileType = text.xcconfig; name = "Pods-JSONPlaceholderUITests.debug.xcconfig"; path = "Pods/Target Support Files/Pods-JSONPlaceholderUITests/Pods-JSONPlaceholderUITests.debug.xcconfig"; sourceTree = "<group>"; };
		A9C3965620B5ACB800219E4E /* JSONPlaceholder.app */ = {isa = PBXFileReference; explicitFileType = wrapper.application; includeInIndex = 0; path = JSONPlaceholder.app; sourceTree = BUILT_PRODUCTS_DIR; };
		AD6DAA593054CE655DC93E1D /* Pods_JSONPlaceholderTests.framework */ = {isa = PBXFileReference; explicitFileType = wrapper.framework; includeInIndex = 0; path = Pods_JSONPlaceholderTests.framework; sourceTree = BUILT_PRODUCTS_DIR; };
		B66FB13BB2A6DA1DC2C03FB7 /* Pods-JSONPlaceholderTests.release-production.xcconfig */ = {isa = PBXFileReference; includeInIndex = 1; lastKnownFileType = text.xcconfig; name = "Pods-JSONPlaceholderTests.release-production.xcconfig"; path = "Pods/Target Support Files/Pods-JSONPlaceholderTests/Pods-JSONPlaceholderTests.release-production.xcconfig"; sourceTree = "<group>"; };
		CFD0EC714FD254D47407D78D /* Pods-JSONPlaceholder.release-stage.xcconfig */ = {isa = PBXFileReference; includeInIndex = 1; lastKnownFileType = text.xcconfig; name = "Pods-JSONPlaceholder.release-stage.xcconfig"; path = "Pods/Target Support Files/Pods-JSONPlaceholder/Pods-JSONPlaceholder.release-stage.xcconfig"; sourceTree = "<group>"; };
		D9BEFE98CD5445F90292BA06 /* Pods-JSONPlaceholder.release.xcconfig */ = {isa = PBXFileReference; includeInIndex = 1; lastKnownFileType = text.xcconfig; name = "Pods-JSONPlaceholder.release.xcconfig"; path = "Pods/Target Support Files/Pods-JSONPlaceholder/Pods-JSONPlaceholder.release.xcconfig"; sourceTree = "<group>"; };
		E652947F43FB90E7A3170E16 /* Pods_JSONPlaceholderUITests.framework */ = {isa = PBXFileReference; explicitFileType = wrapper.framework; includeInIndex = 0; path = Pods_JSONPlaceholderUITests.framework; sourceTree = BUILT_PRODUCTS_DIR; };
		EDA306BFBF01488BBDAD5F24 /* Pods-JSONPlaceholderUITests.release.xcconfig */ = {isa = PBXFileReference; includeInIndex = 1; lastKnownFileType = text.xcconfig; name = "Pods-JSONPlaceholderUITests.release.xcconfig"; path = "Pods/Target Support Files/Pods-JSONPlaceholderUITests/Pods-JSONPlaceholderUITests.release.xcconfig"; sourceTree = "<group>"; };
		EDBE74C7536D60A6FE5C3DC3 /* Pods-JSONPlaceholderTests.release-stage.xcconfig */ = {isa = PBXFileReference; includeInIndex = 1; lastKnownFileType = text.xcconfig; name = "Pods-JSONPlaceholderTests.release-stage.xcconfig"; path = "Pods/Target Support Files/Pods-JSONPlaceholderTests/Pods-JSONPlaceholderTests.release-stage.xcconfig"; sourceTree = "<group>"; };
/* End PBXFileReference section */

/* Begin PBXFrameworksBuildPhase section */
		A9C3965320B5ACB800219E4E /* Frameworks */ = {
			isa = PBXFrameworksBuildPhase;
			buildActionMask = 2147483647;
			files = (
				EDE0EFC9671270959E967D7D /* Pods_JSONPlaceholder.framework in Frameworks */,
			);
			runOnlyForDeploymentPostprocessing = 0;
		};
/* End PBXFrameworksBuildPhase section */

/* Begin PBXGroup section */
		6E9233AF24686387726471A2 /* Frameworks */ = {
			isa = PBXGroup;
			children = (
				6142F1FE43D4D559D1335045 /* Pods_JSONPlaceholder.framework */,
				AD6DAA593054CE655DC93E1D /* Pods_JSONPlaceholderTests.framework */,
				E652947F43FB90E7A3170E16 /* Pods_JSONPlaceholderUITests.framework */,
			);
			name = Frameworks;
			sourceTree = "<group>";
		};
		77A5FE5021EDF8CD009862A6 /* SelectBounds */ = {
			isa = PBXGroup;
			children = (
				77A5FE4E21EDF850009862A6 /* SelectBoundsVC.swift */,
			);
			path = SelectBounds;
			sourceTree = "<group>";
		};
		77A5FE5221EDF8D8009862A6 /* CommentList */ = {
			isa = PBXGroup;
			children = (
				77A5FE5321EDF8ED009862A6 /* CommentListVC.swift */,
				77A5FE8321EE39F1009862A6 /* CommentListTVC.swift */,
			);
			path = CommentList;
			sourceTree = "<group>";
		};
		77A5FE5A21EDFB17009862A6 /* Network */ = {
			isa = PBXGroup;
			children = (
				77A5FE7321EE14B4009862A6 /* URLCommentEndpoint.swift */,
				77A5FE6821EE0E9B009862A6 /* BaseNetworkService.swift */,
				77A5FE7121EE144D009862A6 /* CommentsNetworkService.swift */,
			);
			path = Network;
			sourceTree = "<group>";
		};
		77A5FE6921EE0EB5009862A6 /* Network */ = {
			isa = PBXGroup;
			children = (
				77A5FE6D21EE0F41009862A6 /* URLEndpointProtocol.swift */,
				77A5FE6A21EE0EC2009862A6 /* BaseNetworkServiceProtocol.swift */,
				77A5FE6F21EE10D0009862A6 /* CommentsNetworkServiceProtocol.swift */,
			);
			path = Network;
			sourceTree = "<group>";
		};
		77A5FE7D21EE2933009862A6 /* PlaceholderTF */ = {
			isa = PBXGroup;
			children = (
				77A5FE7E21EE2933009862A6 /* PlaceholderTF.swift */,
				77A5FE7F21EE2933009862A6 /* PlaceholderTF.xib */,
			);
			path = PlaceholderTF;
			sourceTree = "<group>";
		};
		77B7358620C0552000784DD3 /* Resources */ = {
			isa = PBXGroup;
			children = (
				77B7358A20C0552000784DD3 /* Assets */,
				77B7358920C0552000784DD3 /* Fonts */,
				77B7358C20C0552000784DD3 /* Localization */,
				77B7358720C0552000784DD3 /* Plists */,
			);
			path = Resources;
			sourceTree = "<group>";
		};
		77B7358720C0552000784DD3 /* Plists */ = {
			isa = PBXGroup;
			children = (
				77B7358820C0552000784DD3 /* Info.plist */,
				77C506B521CB9DF5001FDDF8 /* JSONPlaceholder.entitlements */,
			);
			path = Plists;
			sourceTree = "<group>";
		};
		77B7358920C0552000784DD3 /* Fonts */ = {
			isa = PBXGroup;
			children = (
			);
			path = Fonts;
			sourceTree = "<group>";
		};
		77B7358A20C0552000784DD3 /* Assets */ = {
			isa = PBXGroup;
			children = (
				77B7358B20C0552000784DD3 /* Assets.xcassets */,
			);
			path = Assets;
			sourceTree = "<group>";
		};
		77B7358C20C0552000784DD3 /* Localization */ = {
			isa = PBXGroup;
			children = (
				77B735AD20C0556F00784DD3 /* Localizable.strings */,
				77B735B020C055AA00784DD3 /* Localizable.stringsdict */,
			);
			path = Localization;
			sourceTree = "<group>";
		};
		77B7358D20C0552000784DD3 /* Protocols */ = {
			isa = PBXGroup;
			children = (
				77A5FE7721EE1808009862A6 /* ErrorDisplayable.swift */,
				77A5FE5D21EDFB30009862A6 /* CodableExpandedProtocol.swift */,
				77A5FE8521EE3A84009862A6 /* StoryboardInstatiatable.swift */,
				77A5FE6921EE0EB5009862A6 /* Network */,
			);
			path = Protocols;
			sourceTree = "<group>";
		};
		77B7358E20C0552000784DD3 /* Subclasses */ = {
			isa = PBXGroup;
			children = (
				77B7358F20C0552000784DD3 /* XibView.swift */,
				77A5FE6621EDFC9D009862A6 /* Error.swift */,
			);
			path = Subclasses;
			sourceTree = "<group>";
		};
		77B7359020C0552100784DD3 /* Views */ = {
			isa = PBXGroup;
			children = (
				77A5FE7D21EE2933009862A6 /* PlaceholderTF */,
			);
			path = Views;
			sourceTree = "<group>";
		};
		77B7359520C0552100784DD3 /* Services */ = {
			isa = PBXGroup;
			children = (
				77A5FE5A21EDFB17009862A6 /* Network */,
			);
			path = Services;
			sourceTree = "<group>";
		};
		77B7359620C0552100784DD3 /* Utils */ = {
			isa = PBXGroup;
			children = (
				77A5FE5521EDF95F009862A6 /* Enums.swift */,
				77B7359720C0552100784DD3 /* Constants.swift */,
			);
			path = Utils;
			sourceTree = "<group>";
		};
		77B7359A20C0552100784DD3 /* Extensions */ = {
			isa = PBXGroup;
			children = (
				77A5FE5921EDF9AA009862A6 /* UIStoryboard.swift */,
				77A5FE5F21EDFB41009862A6 /* JSONEncoder.swift */,
				77A5FE5E21EDFB3D009862A6 /* JSONDecoder.swift */,
				77A5FE6021EDFB84009862A6 /* DataRequest+Model.swift */,
				77A5FE7921EE1985009862A6 /* UIColor.swift */,
			);
			path = Extensions;
			sourceTree = "<group>";
		};
		77B7359B20C0552100784DD3 /* ViewControllers */ = {
			isa = PBXGroup;
			children = (
				77A5FE7521EE1766009862A6 /* BaseVC.swift */,
				77A5FE5021EDF8CD009862A6 /* SelectBounds */,
				77A5FE5221EDF8D8009862A6 /* CommentList */,
			);
			path = ViewControllers;
			sourceTree = "<group>";
		};
		77B7359C20C0552100784DD3 /* Models */ = {
			isa = PBXGroup;
			children = (
				77A5FE5B21EDFB22009862A6 /* Comment.swift */,
			);
			path = Models;
			sourceTree = "<group>";
		};
		77C506B321CA7077001FDDF8 /* Frameworks */ = {
			isa = PBXGroup;
			children = (
			);
			path = Frameworks;
			sourceTree = "<group>";
		};
		77C506B421CA753E001FDDF8 /* AppDelegate */ = {
			isa = PBXGroup;
			children = (
				77B7359920C0552100784DD3 /* AppDelegate.swift */,
			);
			path = AppDelegate;
			sourceTree = "<group>";
		};
		A9C3964D20B5ACB800219E4E = {
			isa = PBXGroup;
			children = (
				A9C3965820B5ACB800219E4E /* JSONPlaceholder */,
				A9C3965720B5ACB800219E4E /* Products */,
				AAFE44D102937728E9997EFE /* Pods */,
				6E9233AF24686387726471A2 /* Frameworks */,
			);
			sourceTree = "<group>";
		};
		A9C3965720B5ACB800219E4E /* Products */ = {
			isa = PBXGroup;
			children = (
				A9C3965620B5ACB800219E4E /* JSONPlaceholder.app */,
			);
			name = Products;
			sourceTree = "<group>";
		};
		A9C3965820B5ACB800219E4E /* JSONPlaceholder */ = {
			isa = PBXGroup;
			children = (
				77C506B421CA753E001FDDF8 /* AppDelegate */,
				77B7359A20C0552100784DD3 /* Extensions */,
				77B7358E20C0552000784DD3 /* Subclasses */,
				77B7358D20C0552000784DD3 /* Protocols */,
				77B7359C20C0552100784DD3 /* Models */,
				77B7359520C0552100784DD3 /* Services */,
				77B7359620C0552100784DD3 /* Utils */,
				77B7359020C0552100784DD3 /* Views */,
				B303BB1F21CA4E740099BE06 /* Storyboards */,
				77B7359B20C0552100784DD3 /* ViewControllers */,
				77B7358620C0552000784DD3 /* Resources */,
				77C506B321CA7077001FDDF8 /* Frameworks */,
			);
			path = JSONPlaceholder;
			sourceTree = "<group>";
		};
		AAFE44D102937728E9997EFE /* Pods */ = {
			isa = PBXGroup;
			children = (
				117C37C8757D08D563A57E13 /* Pods-JSONPlaceholder.debug.xcconfig */,
				D9BEFE98CD5445F90292BA06 /* Pods-JSONPlaceholder.release.xcconfig */,
				03386452539D587303DD3A3E /* Pods-JSONPlaceholderTests.debug.xcconfig */,
				45CADAA654330A2CC7F9542F /* Pods-JSONPlaceholderTests.release.xcconfig */,
				9CA8D781CCBB12452309D912 /* Pods-JSONPlaceholderUITests.debug.xcconfig */,
				EDA306BFBF01488BBDAD5F24 /* Pods-JSONPlaceholderUITests.release.xcconfig */,
				181B550E69D5A7399ADECB35 /* Pods-JSONPlaceholder.release-dev.xcconfig */,
				CFD0EC714FD254D47407D78D /* Pods-JSONPlaceholder.release-stage.xcconfig */,
				28886ED262D003C6B2325786 /* Pods-JSONPlaceholder.release-production.xcconfig */,
				1971247D32E4F41957F84374 /* Pods-JSONPlaceholderTests.release-dev.xcconfig */,
				EDBE74C7536D60A6FE5C3DC3 /* Pods-JSONPlaceholderTests.release-stage.xcconfig */,
				B66FB13BB2A6DA1DC2C03FB7 /* Pods-JSONPlaceholderTests.release-production.xcconfig */,
			);
			name = Pods;
			sourceTree = "<group>";
		};
		B303BB1F21CA4E740099BE06 /* Storyboards */ = {
			isa = PBXGroup;
			children = (
				77B7359120C0552100784DD3 /* LaunchScreen.storyboard */,
				77B7359320C0552100784DD3 /* Main.storyboard */,
				77A5FE5721EDF99B009862A6 /* Comments.storyboard */,
			);
			path = Storyboards;
			sourceTree = "<group>";
		};
/* End PBXGroup section */

/* Begin PBXNativeTarget section */
		A9C3965520B5ACB800219E4E /* JSONPlaceholder */ = {
			isa = PBXNativeTarget;
			buildConfigurationList = A9C3967E20B5ACB900219E4E /* Build configuration list for PBXNativeTarget "JSONPlaceholder" */;
			buildPhases = (
				5F7B4E062ABF65BBF841B206 /* [CP] Check Pods Manifest.lock */,
				A9C3965220B5ACB800219E4E /* Sources */,
				A9C3965320B5ACB800219E4E /* Frameworks */,
				A9C3965420B5ACB800219E4E /* Resources */,
				7796049021E5F4AE007B76ED /* SwiftLint - Check */,
				AB60E522F94D0513C008A052 /* [CP] Embed Pods Frameworks */,
			);
			buildRules = (
			);
			dependencies = (
			);
			name = JSONPlaceholder;
			productName = JSONPlaceholder;
			productReference = A9C3965620B5ACB800219E4E /* JSONPlaceholder.app */;
			productType = "com.apple.product-type.application";
		};
/* End PBXNativeTarget section */

/* Begin PBXProject section */
		A9C3964E20B5ACB800219E4E /* Project object */ = {
			isa = PBXProject;
			attributes = {
				LastSwiftUpdateCheck = 0930;
				LastUpgradeCheck = 0930;
				TargetAttributes = {
					A9C3965520B5ACB800219E4E = {
						CreatedOnToolsVersion = 9.3.1;
						SystemCapabilities = {
							com.apple.Push = {
								enabled = 1;
							};
						};
					};
				};
			};
			buildConfigurationList = A9C3965120B5ACB800219E4E /* Build configuration list for PBXProject "JSONPlaceholder" */;
			compatibilityVersion = "Xcode 9.3";
			developmentRegion = en;
			hasScannedForEncodings = 0;
			knownRegions = (
				en,
				Base,
			);
			mainGroup = A9C3964D20B5ACB800219E4E;
			productRefGroup = A9C3965720B5ACB800219E4E /* Products */;
			projectDirPath = "";
			projectRoot = "";
			targets = (
				A9C3965520B5ACB800219E4E /* JSONPlaceholder */,
			);
		};
/* End PBXProject section */

/* Begin PBXResourcesBuildPhase section */
		A9C3965420B5ACB800219E4E /* Resources */ = {
			isa = PBXResourcesBuildPhase;
			buildActionMask = 2147483647;
			files = (
				77A5FE8221EE2946009862A6 /* PlaceholderTF.xib in Resources */,
				77A5FE5821EDF99B009862A6 /* Comments.storyboard in Resources */,
				77B735AE20C0557000784DD3 /* Localizable.strings in Resources */,
				77B735A320C0552100784DD3 /* LaunchScreen.storyboard in Resources */,
				77B7359F20C0552100784DD3 /* Assets.xcassets in Resources */,
				77B735A520C0552100784DD3 /* Main.storyboard in Resources */,
				77B735B120C055AA00784DD3 /* Localizable.stringsdict in Resources */,
			);
			runOnlyForDeploymentPostprocessing = 0;
		};
/* End PBXResourcesBuildPhase section */

/* Begin PBXShellScriptBuildPhase section */
		5F7B4E062ABF65BBF841B206 /* [CP] Check Pods Manifest.lock */ = {
			isa = PBXShellScriptBuildPhase;
			buildActionMask = 2147483647;
			files = (
			);
			inputPaths = (
				"${PODS_PODFILE_DIR_PATH}/Podfile.lock",
				"${PODS_ROOT}/Manifest.lock",
			);
			name = "[CP] Check Pods Manifest.lock";
			outputPaths = (
				"$(DERIVED_FILE_DIR)/Pods-JSONPlaceholder-checkManifestLockResult.txt",
			);
			runOnlyForDeploymentPostprocessing = 0;
			shellPath = /bin/sh;
			shellScript = "diff \"${PODS_PODFILE_DIR_PATH}/Podfile.lock\" \"${PODS_ROOT}/Manifest.lock\" > /dev/null\nif [ $? != 0 ] ; then\n    # print error to STDERR\n    echo \"error: The sandbox is not in sync with the Podfile.lock. Run 'pod install' or update your CocoaPods installation.\" >&2\n    exit 1\nfi\n# This output is used by Xcode 'outputs' to avoid re-running this script phase.\necho \"SUCCESS\" > \"${SCRIPT_OUTPUT_FILE_0}\"\n";
			showEnvVarsInLog = 0;
		};
		7796049021E5F4AE007B76ED /* SwiftLint - Check */ = {
			isa = PBXShellScriptBuildPhase;
			buildActionMask = 2147483647;
			files = (
			);
			inputFileListPaths = (
			);
			inputPaths = (
			);
			name = "SwiftLint - Check";
			outputFileListPaths = (
			);
			outputPaths = (
			);
			runOnlyForDeploymentPostprocessing = 0;
			shellPath = /bin/sh;
			shellScript = "if which swiftlint >/dev/null; then\nswiftlint\nelse\necho \"warning: SwiftLint not installed, download from https://github.com/realm/SwiftLint\"\nfi\n";
		};
		AB60E522F94D0513C008A052 /* [CP] Embed Pods Frameworks */ = {
			isa = PBXShellScriptBuildPhase;
			buildActionMask = 2147483647;
			files = (
			);
			inputFileListPaths = (
			);
			inputPaths = (
				"${SRCROOT}/Pods/Target Support Files/Pods-JSONPlaceholder/Pods-JSONPlaceholder-frameworks.sh",
				"${BUILT_PRODUCTS_DIR}/Alamofire/Alamofire.framework",
				"${BUILT_PRODUCTS_DIR}/PKHUD/PKHUD.framework",
				"${BUILT_PRODUCTS_DIR}/SKExtensions/SKExtensions.framework",
				"${BUILT_PRODUCTS_DIR}/SKLocalizable/SKLocalizable.framework",
			);
			name = "[CP] Embed Pods Frameworks";
			outputFileListPaths = (
			);
			outputPaths = (
				"${TARGET_BUILD_DIR}/${FRAMEWORKS_FOLDER_PATH}/Alamofire.framework",
				"${TARGET_BUILD_DIR}/${FRAMEWORKS_FOLDER_PATH}/PKHUD.framework",
				"${TARGET_BUILD_DIR}/${FRAMEWORKS_FOLDER_PATH}/SKExtensions.framework",
				"${TARGET_BUILD_DIR}/${FRAMEWORKS_FOLDER_PATH}/SKLocalizable.framework",
			);
			runOnlyForDeploymentPostprocessing = 0;
			shellPath = /bin/sh;
			shellScript = "\"${SRCROOT}/Pods/Target Support Files/Pods-JSONPlaceholder/Pods-JSONPlaceholder-frameworks.sh\"\n";
			showEnvVarsInLog = 0;
		};
/* End PBXShellScriptBuildPhase section */

/* Begin PBXSourcesBuildPhase section */
		A9C3965220B5ACB800219E4E /* Sources */ = {
			isa = PBXSourcesBuildPhase;
			buildActionMask = 2147483647;
			files = (
				77B735AB20C0552100784DD3 /* AppDelegate.swift in Sources */,
				77B735A120C0552100784DD3 /* XibView.swift in Sources */,
				77A5FE6321EDFB9A009862A6 /* JSONDecoder.swift in Sources */,
				77A5FE6B21EE0F2E009862A6 /* BaseNetworkService.swift in Sources */,
				77A5FE6721EDFC9D009862A6 /* Error.swift in Sources */,
				77A5FE8621EE3A84009862A6 /* StoryboardInstatiatable.swift in Sources */,
				77A5FE6C21EE0F31009862A6 /* BaseNetworkServiceProtocol.swift in Sources */,
				77A5FE7021EE10D1009862A6 /* CommentsNetworkServiceProtocol.swift in Sources */,
				77A5FE7A21EE1985009862A6 /* UIColor.swift in Sources */,
				77A5FE5421EDF8ED009862A6 /* CommentListVC.swift in Sources */,
				77A5FE7821EE180C009862A6 /* ErrorDisplayable.swift in Sources */,
				77A5FE5C21EDFB22009862A6 /* Comment.swift in Sources */,
				77A5FE8421EE39F1009862A6 /* CommentListTVC.swift in Sources */,
				77A5FE6421EDFB9A009862A6 /* DataRequest+Model.swift in Sources */,
				77A5FE7421EE14B4009862A6 /* URLCommentEndpoint.swift in Sources */,
				77A5FE8121EE293E009862A6 /* PlaceholderTF.swift in Sources */,
				77A5FE7221EE144D009862A6 /* CommentsNetworkService.swift in Sources */,
				77A5FE6221EDFB9A009862A6 /* JSONEncoder.swift in Sources */,
				77A5FE6E21EE0F42009862A6 /* URLEndpointProtocol.swift in Sources */,
				77A5FE6121EDFB9A009862A6 /* UIStoryboard.swift in Sources */,
				77A5FE5621EDF95F009862A6 /* Enums.swift in Sources */,
				77A5FE6521EDFB9D009862A6 /* CodableExpandedProtocol.swift in Sources */,
				77A5FE4F21EDF850009862A6 /* SelectBoundsVC.swift in Sources */,
				77B735A720C0552100784DD3 /* Constants.swift in Sources */,
				77A5FE7621EE176F009862A6 /* BaseVC.swift in Sources */,
			);
			runOnlyForDeploymentPostprocessing = 0;
		};
/* End PBXSourcesBuildPhase section */

/* Begin PBXVariantGroup section */
		77B7359120C0552100784DD3 /* LaunchScreen.storyboard */ = {
			isa = PBXVariantGroup;
			children = (
				77B7359220C0552100784DD3 /* Base */,
			);
			name = LaunchScreen.storyboard;
			sourceTree = "<group>";
		};
		77B7359320C0552100784DD3 /* Main.storyboard */ = {
			isa = PBXVariantGroup;
			children = (
				77B7359420C0552100784DD3 /* Base */,
			);
			name = Main.storyboard;
			sourceTree = "<group>";
		};
/* End PBXVariantGroup section */

/* Begin XCBuildConfiguration section */
		7766970421A5530900512443 /* Release-Stage */ = {
			isa = XCBuildConfiguration;
			buildSettings = {
				ALWAYS_SEARCH_USER_PATHS = NO;
				CLANG_ANALYZER_NONNULL = YES;
				CLANG_ANALYZER_NUMBER_OBJECT_CONVERSION = YES_AGGRESSIVE;
				CLANG_CXX_LANGUAGE_STANDARD = "gnu++14";
				CLANG_CXX_LIBRARY = "libc++";
				CLANG_ENABLE_MODULES = YES;
				CLANG_ENABLE_OBJC_ARC = YES;
				CLANG_ENABLE_OBJC_WEAK = YES;
				CLANG_WARN_BLOCK_CAPTURE_AUTORELEASING = YES;
				CLANG_WARN_BOOL_CONVERSION = YES;
				CLANG_WARN_COMMA = YES;
				CLANG_WARN_CONSTANT_CONVERSION = YES;
				CLANG_WARN_DEPRECATED_OBJC_IMPLEMENTATIONS = YES;
				CLANG_WARN_DIRECT_OBJC_ISA_USAGE = YES_ERROR;
				CLANG_WARN_DOCUMENTATION_COMMENTS = YES;
				CLANG_WARN_EMPTY_BODY = YES;
				CLANG_WARN_ENUM_CONVERSION = YES;
				CLANG_WARN_INFINITE_RECURSION = YES;
				CLANG_WARN_INT_CONVERSION = YES;
				CLANG_WARN_NON_LITERAL_NULL_CONVERSION = YES;
				CLANG_WARN_OBJC_IMPLICIT_ATOMIC_PROPERTIES = YES;
				CLANG_WARN_OBJC_IMPLICIT_RETAIN_SELF = YES;
				CLANG_WARN_OBJC_LITERAL_CONVERSION = YES;
				CLANG_WARN_OBJC_ROOT_CLASS = YES_ERROR;
				CLANG_WARN_RANGE_LOOP_ANALYSIS = YES;
				CLANG_WARN_STRICT_PROTOTYPES = YES;
				CLANG_WARN_SUSPICIOUS_MOVE = YES;
				CLANG_WARN_UNGUARDED_AVAILABILITY = YES_AGGRESSIVE;
				CLANG_WARN_UNREACHABLE_CODE = YES;
				CLANG_WARN__DUPLICATE_METHOD_MATCH = YES;
				CODE_SIGN_IDENTITY = "iPhone Developer";
				COPY_PHASE_STRIP = NO;
				DEBUG_INFORMATION_FORMAT = "dwarf-with-dsym";
				DEFINES_MODULE = YES;
				ENABLE_NS_ASSERTIONS = NO;
				ENABLE_STRICT_OBJC_MSGSEND = YES;
				GCC_C_LANGUAGE_STANDARD = gnu11;
				GCC_NO_COMMON_BLOCKS = YES;
				GCC_WARN_64_TO_32_BIT_CONVERSION = YES;
				GCC_WARN_ABOUT_MISSING_NEWLINE = YES;
				GCC_WARN_ABOUT_RETURN_TYPE = YES_ERROR;
				GCC_WARN_UNDECLARED_SELECTOR = YES;
				GCC_WARN_UNINITIALIZED_AUTOS = YES_AGGRESSIVE;
				GCC_WARN_UNKNOWN_PRAGMAS = YES;
				GCC_WARN_UNUSED_FUNCTION = YES;
				GCC_WARN_UNUSED_VARIABLE = YES;
				IPHONEOS_DEPLOYMENT_TARGET = 12.1;
				MTL_ENABLE_DEBUG_INFO = NO;
				SDKROOT = iphoneos;
				SWIFT_COMPILATION_MODE = wholemodule;
				SWIFT_OPTIMIZATION_LEVEL = "-O";
				SWIFT_VERSION = 4.2;
				VALIDATE_PRODUCT = YES;
			};
			name = "Release-Stage";
		};
		7766970521A5530900512443 /* Release-Stage */ = {
			isa = XCBuildConfiguration;
			baseConfigurationReference = CFD0EC714FD254D47407D78D /* Pods-JSONPlaceholder.release-stage.xcconfig */;
			buildSettings = {
				ASSETCATALOG_COMPILER_APPICON_NAME = AppIcon;
				CODE_SIGN_ENTITLEMENTS = JSONPlaceholder/Resources/Plists/JSONPlaceholder.entitlements;
				CODE_SIGN_STYLE = Manual;
				CURRENT_PROJECT_VERSION = 0;
				DEFINES_MODULE = YES;
				DEVELOPMENT_TEAM = "";
				INFOPLIST_FILE = JSONPlaceholder/Resources/Plists/Info.plist;
				LD_RUNPATH_SEARCH_PATHS = (
					"$(inherited)",
					"@executable_path/Frameworks",
				);
				PRODUCT_BUNDLE_IDENTIFIER = com.steelkiwi.jsonplaceholder;
				PRODUCT_NAME = "$(TARGET_NAME)";
				PROVISIONING_PROFILE_SPECIFIER = "";
				SWIFT_VERSION = 4.2;
				TARGETED_DEVICE_FAMILY = 1;
				VERSIONING_SYSTEM = "apple-generic";
			};
			name = "Release-Stage";
		};
		7766970A21A5531600512443 /* Release-Production */ = {
			isa = XCBuildConfiguration;
			buildSettings = {
				ALWAYS_SEARCH_USER_PATHS = NO;
				CLANG_ANALYZER_NONNULL = YES;
				CLANG_ANALYZER_NUMBER_OBJECT_CONVERSION = YES_AGGRESSIVE;
				CLANG_CXX_LANGUAGE_STANDARD = "gnu++14";
				CLANG_CXX_LIBRARY = "libc++";
				CLANG_ENABLE_MODULES = YES;
				CLANG_ENABLE_OBJC_ARC = YES;
				CLANG_ENABLE_OBJC_WEAK = YES;
				CLANG_WARN_BLOCK_CAPTURE_AUTORELEASING = YES;
				CLANG_WARN_BOOL_CONVERSION = YES;
				CLANG_WARN_COMMA = YES;
				CLANG_WARN_CONSTANT_CONVERSION = YES;
				CLANG_WARN_DEPRECATED_OBJC_IMPLEMENTATIONS = YES;
				CLANG_WARN_DIRECT_OBJC_ISA_USAGE = YES_ERROR;
				CLANG_WARN_DOCUMENTATION_COMMENTS = YES;
				CLANG_WARN_EMPTY_BODY = YES;
				CLANG_WARN_ENUM_CONVERSION = YES;
				CLANG_WARN_INFINITE_RECURSION = YES;
				CLANG_WARN_INT_CONVERSION = YES;
				CLANG_WARN_NON_LITERAL_NULL_CONVERSION = YES;
				CLANG_WARN_OBJC_IMPLICIT_ATOMIC_PROPERTIES = YES;
				CLANG_WARN_OBJC_IMPLICIT_RETAIN_SELF = YES;
				CLANG_WARN_OBJC_LITERAL_CONVERSION = YES;
				CLANG_WARN_OBJC_ROOT_CLASS = YES_ERROR;
				CLANG_WARN_RANGE_LOOP_ANALYSIS = YES;
				CLANG_WARN_STRICT_PROTOTYPES = YES;
				CLANG_WARN_SUSPICIOUS_MOVE = YES;
				CLANG_WARN_UNGUARDED_AVAILABILITY = YES_AGGRESSIVE;
				CLANG_WARN_UNREACHABLE_CODE = YES;
				CLANG_WARN__DUPLICATE_METHOD_MATCH = YES;
				CODE_SIGN_IDENTITY = "iPhone Developer";
				COPY_PHASE_STRIP = NO;
				DEBUG_INFORMATION_FORMAT = "dwarf-with-dsym";
				DEFINES_MODULE = YES;
				ENABLE_NS_ASSERTIONS = NO;
				ENABLE_STRICT_OBJC_MSGSEND = YES;
				GCC_C_LANGUAGE_STANDARD = gnu11;
				GCC_NO_COMMON_BLOCKS = YES;
				GCC_WARN_64_TO_32_BIT_CONVERSION = YES;
				GCC_WARN_ABOUT_MISSING_NEWLINE = YES;
				GCC_WARN_ABOUT_RETURN_TYPE = YES_ERROR;
				GCC_WARN_UNDECLARED_SELECTOR = YES;
				GCC_WARN_UNINITIALIZED_AUTOS = YES_AGGRESSIVE;
				GCC_WARN_UNKNOWN_PRAGMAS = YES;
				GCC_WARN_UNUSED_FUNCTION = YES;
				GCC_WARN_UNUSED_VARIABLE = YES;
				IPHONEOS_DEPLOYMENT_TARGET = 12.1;
				MTL_ENABLE_DEBUG_INFO = NO;
				SDKROOT = iphoneos;
				SWIFT_COMPILATION_MODE = wholemodule;
				SWIFT_OPTIMIZATION_LEVEL = "-O";
				SWIFT_VERSION = 4.2;
				VALIDATE_PRODUCT = YES;
			};
			name = "Release-Production";
		};
		7766970B21A5531600512443 /* Release-Production */ = {
			isa = XCBuildConfiguration;
			baseConfigurationReference = 28886ED262D003C6B2325786 /* Pods-JSONPlaceholder.release-production.xcconfig */;
			buildSettings = {
				ASSETCATALOG_COMPILER_APPICON_NAME = AppIcon;
				CODE_SIGN_ENTITLEMENTS = JSONPlaceholder/Resources/Plists/JSONPlaceholder.entitlements;
				CODE_SIGN_STYLE = Manual;
				CURRENT_PROJECT_VERSION = 0;
				DEFINES_MODULE = YES;
				DEVELOPMENT_TEAM = "";
				INFOPLIST_FILE = JSONPlaceholder/Resources/Plists/Info.plist;
				LD_RUNPATH_SEARCH_PATHS = (
					"$(inherited)",
					"@executable_path/Frameworks",
				);
				PRODUCT_BUNDLE_IDENTIFIER = com.steelkiwi.jsonplaceholder;
				PRODUCT_NAME = "$(TARGET_NAME)";
				PROVISIONING_PROFILE_SPECIFIER = "";
				SWIFT_VERSION = 4.2;
				TARGETED_DEVICE_FAMILY = 1;
				VERSIONING_SYSTEM = "apple-generic";
			};
			name = "Release-Production";
		};
		A9C3967C20B5ACB900219E4E /* Debug */ = {
			isa = XCBuildConfiguration;
			buildSettings = {
				ALWAYS_SEARCH_USER_PATHS = NO;
				CLANG_ANALYZER_NONNULL = YES;
				CLANG_ANALYZER_NUMBER_OBJECT_CONVERSION = YES_AGGRESSIVE;
				CLANG_CXX_LANGUAGE_STANDARD = "gnu++14";
				CLANG_CXX_LIBRARY = "libc++";
				CLANG_ENABLE_MODULES = YES;
				CLANG_ENABLE_OBJC_ARC = YES;
				CLANG_ENABLE_OBJC_WEAK = YES;
				CLANG_WARN_BLOCK_CAPTURE_AUTORELEASING = YES;
				CLANG_WARN_BOOL_CONVERSION = YES;
				CLANG_WARN_COMMA = YES;
				CLANG_WARN_CONSTANT_CONVERSION = YES;
				CLANG_WARN_DEPRECATED_OBJC_IMPLEMENTATIONS = YES;
				CLANG_WARN_DIRECT_OBJC_ISA_USAGE = YES_ERROR;
				CLANG_WARN_DOCUMENTATION_COMMENTS = YES;
				CLANG_WARN_EMPTY_BODY = YES;
				CLANG_WARN_ENUM_CONVERSION = YES;
				CLANG_WARN_INFINITE_RECURSION = YES;
				CLANG_WARN_INT_CONVERSION = YES;
				CLANG_WARN_NON_LITERAL_NULL_CONVERSION = YES;
				CLANG_WARN_OBJC_IMPLICIT_ATOMIC_PROPERTIES = YES;
				CLANG_WARN_OBJC_IMPLICIT_RETAIN_SELF = YES;
				CLANG_WARN_OBJC_LITERAL_CONVERSION = YES;
				CLANG_WARN_OBJC_ROOT_CLASS = YES_ERROR;
				CLANG_WARN_RANGE_LOOP_ANALYSIS = YES;
				CLANG_WARN_STRICT_PROTOTYPES = YES;
				CLANG_WARN_SUSPICIOUS_MOVE = YES;
				CLANG_WARN_UNGUARDED_AVAILABILITY = YES_AGGRESSIVE;
				CLANG_WARN_UNREACHABLE_CODE = YES;
				CLANG_WARN__DUPLICATE_METHOD_MATCH = YES;
				CODE_SIGN_IDENTITY = "iPhone Developer";
				COPY_PHASE_STRIP = NO;
				DEBUG_INFORMATION_FORMAT = dwarf;
				DEFINES_MODULE = YES;
				ENABLE_STRICT_OBJC_MSGSEND = YES;
				ENABLE_TESTABILITY = YES;
				GCC_C_LANGUAGE_STANDARD = gnu11;
				GCC_DYNAMIC_NO_PIC = NO;
				GCC_NO_COMMON_BLOCKS = YES;
				GCC_OPTIMIZATION_LEVEL = 0;
				GCC_PREPROCESSOR_DEFINITIONS = (
					"DEBUG=1",
					"$(inherited)",
				);
				GCC_WARN_64_TO_32_BIT_CONVERSION = YES;
				GCC_WARN_ABOUT_MISSING_NEWLINE = YES;
				GCC_WARN_ABOUT_RETURN_TYPE = YES_ERROR;
				GCC_WARN_UNDECLARED_SELECTOR = YES;
				GCC_WARN_UNINITIALIZED_AUTOS = YES_AGGRESSIVE;
				GCC_WARN_UNKNOWN_PRAGMAS = YES;
				GCC_WARN_UNUSED_FUNCTION = YES;
				GCC_WARN_UNUSED_VARIABLE = YES;
				IPHONEOS_DEPLOYMENT_TARGET = 12.1;
				MTL_ENABLE_DEBUG_INFO = YES;
				ONLY_ACTIVE_ARCH = YES;
				SDKROOT = iphoneos;
				SWIFT_ACTIVE_COMPILATION_CONDITIONS = DEBUG;
				SWIFT_OPTIMIZATION_LEVEL = "-Onone";
				SWIFT_VERSION = 4.2;
			};
			name = Debug;
		};
		A9C3967D20B5ACB900219E4E /* Release-Dev */ = {
			isa = XCBuildConfiguration;
			buildSettings = {
				ALWAYS_SEARCH_USER_PATHS = NO;
				CLANG_ANALYZER_NONNULL = YES;
				CLANG_ANALYZER_NUMBER_OBJECT_CONVERSION = YES_AGGRESSIVE;
				CLANG_CXX_LANGUAGE_STANDARD = "gnu++14";
				CLANG_CXX_LIBRARY = "libc++";
				CLANG_ENABLE_MODULES = YES;
				CLANG_ENABLE_OBJC_ARC = YES;
				CLANG_ENABLE_OBJC_WEAK = YES;
				CLANG_WARN_BLOCK_CAPTURE_AUTORELEASING = YES;
				CLANG_WARN_BOOL_CONVERSION = YES;
				CLANG_WARN_COMMA = YES;
				CLANG_WARN_CONSTANT_CONVERSION = YES;
				CLANG_WARN_DEPRECATED_OBJC_IMPLEMENTATIONS = YES;
				CLANG_WARN_DIRECT_OBJC_ISA_USAGE = YES_ERROR;
				CLANG_WARN_DOCUMENTATION_COMMENTS = YES;
				CLANG_WARN_EMPTY_BODY = YES;
				CLANG_WARN_ENUM_CONVERSION = YES;
				CLANG_WARN_INFINITE_RECURSION = YES;
				CLANG_WARN_INT_CONVERSION = YES;
				CLANG_WARN_NON_LITERAL_NULL_CONVERSION = YES;
				CLANG_WARN_OBJC_IMPLICIT_ATOMIC_PROPERTIES = YES;
				CLANG_WARN_OBJC_IMPLICIT_RETAIN_SELF = YES;
				CLANG_WARN_OBJC_LITERAL_CONVERSION = YES;
				CLANG_WARN_OBJC_ROOT_CLASS = YES_ERROR;
				CLANG_WARN_RANGE_LOOP_ANALYSIS = YES;
				CLANG_WARN_STRICT_PROTOTYPES = YES;
				CLANG_WARN_SUSPICIOUS_MOVE = YES;
				CLANG_WARN_UNGUARDED_AVAILABILITY = YES_AGGRESSIVE;
				CLANG_WARN_UNREACHABLE_CODE = YES;
				CLANG_WARN__DUPLICATE_METHOD_MATCH = YES;
				CODE_SIGN_IDENTITY = "iPhone Developer";
				COPY_PHASE_STRIP = NO;
				DEBUG_INFORMATION_FORMAT = "dwarf-with-dsym";
				DEFINES_MODULE = YES;
				ENABLE_NS_ASSERTIONS = NO;
				ENABLE_STRICT_OBJC_MSGSEND = YES;
				GCC_C_LANGUAGE_STANDARD = gnu11;
				GCC_NO_COMMON_BLOCKS = YES;
				GCC_WARN_64_TO_32_BIT_CONVERSION = YES;
				GCC_WARN_ABOUT_MISSING_NEWLINE = YES;
				GCC_WARN_ABOUT_RETURN_TYPE = YES_ERROR;
				GCC_WARN_UNDECLARED_SELECTOR = YES;
				GCC_WARN_UNINITIALIZED_AUTOS = YES_AGGRESSIVE;
				GCC_WARN_UNKNOWN_PRAGMAS = YES;
				GCC_WARN_UNUSED_FUNCTION = YES;
				GCC_WARN_UNUSED_VARIABLE = YES;
				IPHONEOS_DEPLOYMENT_TARGET = 12.1;
				MTL_ENABLE_DEBUG_INFO = NO;
				SDKROOT = iphoneos;
				SWIFT_COMPILATION_MODE = wholemodule;
				SWIFT_OPTIMIZATION_LEVEL = "-O";
				SWIFT_VERSION = 4.2;
				VALIDATE_PRODUCT = YES;
			};
			name = "Release-Dev";
		};
		A9C3967F20B5ACB900219E4E /* Debug */ = {
			isa = XCBuildConfiguration;
			baseConfigurationReference = 117C37C8757D08D563A57E13 /* Pods-JSONPlaceholder.debug.xcconfig */;
			buildSettings = {
				ASSETCATALOG_COMPILER_APPICON_NAME = AppIcon;
				CODE_SIGN_ENTITLEMENTS = JSONPlaceholder/Resources/Plists/JSONPlaceholder.entitlements;
				CODE_SIGN_STYLE = Manual;
				CURRENT_PROJECT_VERSION = 0;
				DEFINES_MODULE = YES;
				DEVELOPMENT_TEAM = 7N4XWEA584;
				INFOPLIST_FILE = JSONPlaceholder/Resources/Plists/Info.plist;
				LD_RUNPATH_SEARCH_PATHS = (
					"$(inherited)",
					"@executable_path/Frameworks",
				);
				PRODUCT_BUNDLE_IDENTIFIER = com.steelkiwi.jsonplaceholder;
				PRODUCT_NAME = "$(TARGET_NAME)";
				PROVISIONING_PROFILE_SPECIFIER = "match Development com.steelkiwi.jsonplaceholder";
				SWIFT_VERSION = 4.2;
				TARGETED_DEVICE_FAMILY = 1;
				VERSIONING_SYSTEM = "apple-generic";
			};
			name = Debug;
		};
		A9C3968020B5ACB900219E4E /* Release-Dev */ = {
			isa = XCBuildConfiguration;
			baseConfigurationReference = 181B550E69D5A7399ADECB35 /* Pods-JSONPlaceholder.release-dev.xcconfig */;
			buildSettings = {
				ASSETCATALOG_COMPILER_APPICON_NAME = AppIcon;
				CODE_SIGN_ENTITLEMENTS = JSONPlaceholder/Resources/Plists/JSONPlaceholder.entitlements;
				CODE_SIGN_IDENTITY = "iPhone Distribution";
				CODE_SIGN_STYLE = Manual;
				CURRENT_PROJECT_VERSION = 0;
				DEFINES_MODULE = YES;
				DEVELOPMENT_TEAM = 7N4XWEA584;
				INFOPLIST_FILE = JSONPlaceholder/Resources/Plists/Info.plist;
				LD_RUNPATH_SEARCH_PATHS = (
					"$(inherited)",
					"@executable_path/Frameworks",
				);
				PRODUCT_BUNDLE_IDENTIFIER = com.steelkiwi.jsonplaceholder;
				PRODUCT_NAME = "$(TARGET_NAME)";
				PROVISIONING_PROFILE_SPECIFIER = "match AppStore com.steelkiwi.jsonplaceholder";
				SWIFT_VERSION = 4.2;
				TARGETED_DEVICE_FAMILY = 1;
				VERSIONING_SYSTEM = "apple-generic";
			};
			name = "Release-Dev";
		};
/* End XCBuildConfiguration section */

/* Begin XCConfigurationList section */
		A9C3965120B5ACB800219E4E /* Build configuration list for PBXProject "JSONPlaceholder" */ = {
			isa = XCConfigurationList;
			buildConfigurations = (
				A9C3967C20B5ACB900219E4E /* Debug */,
				A9C3967D20B5ACB900219E4E /* Release-Dev */,
				7766970421A5530900512443 /* Release-Stage */,
				7766970A21A5531600512443 /* Release-Production */,
			);
			defaultConfigurationIsVisible = 0;
			defaultConfigurationName = "Release-Dev";
		};
		A9C3967E20B5ACB900219E4E /* Build configuration list for PBXNativeTarget "JSONPlaceholder" */ = {
			isa = XCConfigurationList;
			buildConfigurations = (
				A9C3967F20B5ACB900219E4E /* Debug */,
				A9C3968020B5ACB900219E4E /* Release-Dev */,
				7766970521A5530900512443 /* Release-Stage */,
				7766970B21A5531600512443 /* Release-Production */,
			);
			defaultConfigurationIsVisible = 0;
			defaultConfigurationName = "Release-Dev";
		};
/* End XCConfigurationList section */
	};
	rootObject = A9C3964E20B5ACB800219E4E /* Project object */;
}
